
Microsoft Visual Studio Solution File, Format Version 12.00
# Visual Studio 15
VisualStudioVersion = 15.0.27130.2027
MinimumVisualStudioVersion = 10.0.40219.1
Project("{F184B08F-C81C-45F6-A57F-5ABD9991F28F}") = "Save,update,delete", "Save,update,delete\Save,update,delete.vbproj", "{22646F68-204B-4018-891A-A2165A34AF5E}"
EndProject
Global
	GlobalSection(SolutionConfigurationPlatforms) = preSolution
		Debug|Any CPU = Debug|Any CPU
		Release|Any CPU = Release|Any CPU
	EndGlobalSection
	GlobalSection(ProjectConfigurationPlatforms) = postSolution
		{22646F68-204B-4018-891A-A2165A34AF5E}.Debug|Any CPU.ActiveCfg = Debug|Any CPU
		{22646F68-204B-4018-891A-A2165A34AF5E}.Debug|Any CPU.Build.0 = Debug|Any CPU
		{22646F68-204B-4018-891A-A2165A34AF5E}.Release|Any CPU.ActiveCfg = Release|Any CPU
		{22646F68-204B-4018-891A-A2165A34AF5E}.Release|Any CPU.Build.0 = Release|Any CPU
	EndGlobalSection
	GlobalSection(SolutionProperties) = preSolution
		HideSolutionNode = FALSE
	EndGlobalSection
	GlobalSection(ExtensibilityGlobals) = postSolution
		SolutionGuid = {421C780D-3C68-4302-9E98-8A251CECA9EB}
	EndGlobalSection
EndGlobal
