
Microsoft Visual Studio Solution File, Format Version 12.00
# Visual Studio 15
VisualStudioVersion = 15.0.27130.2027
MinimumVisualStudioVersion = 10.0.40219.1
Project("{F184B08F-C81C-45F6-A57F-5ABD9991F28F}") = "Copy,move,delete", "Copy,move,delete\Copy,move,delete.vbproj", "{BAEF71AE-C73F-4CA0-9A8E-C980BB028361}"
EndProject
Global
	GlobalSection(SolutionConfigurationPlatforms) = preSolution
		Debug|Any CPU = Debug|Any CPU
		Release|Any CPU = Release|Any CPU
	EndGlobalSection
	GlobalSection(ProjectConfigurationPlatforms) = postSolution
		{BAEF71AE-C73F-4CA0-9A8E-C980BB028361}.Debug|Any CPU.ActiveCfg = Debug|Any CPU
		{BAEF71AE-C73F-4CA0-9A8E-C980BB028361}.Debug|Any CPU.Build.0 = Debug|Any CPU
		{BAEF71AE-C73F-4CA0-9A8E-C980BB028361}.Release|Any CPU.ActiveCfg = Release|Any CPU
		{BAEF71AE-C73F-4CA0-9A8E-C980BB028361}.Release|Any CPU.Build.0 = Release|Any CPU
	EndGlobalSection
	GlobalSection(SolutionProperties) = preSolution
		HideSolutionNode = FALSE
	EndGlobalSection
	GlobalSection(ExtensibilityGlobals) = postSolution
		SolutionGuid = {5CCF0884-E192-4CAC-936E-F7677D41DE25}
	EndGlobalSection
EndGlobal
