
Microsoft Visual Studio Solution File, Format Version 12.00
# Visual Studio 15
VisualStudioVersion = 15.0.27130.2027
MinimumVisualStudioVersion = 10.0.40219.1
Project("{F184B08F-C81C-45F6-A57F-5ABD9991F28F}") = "Arrays", "Arrays\Arrays.vbproj", "{46A9C14C-65A8-477F-96D1-22F9F17DC392}"
EndProject
Global
	GlobalSection(SolutionConfigurationPlatforms) = preSolution
		Debug|Any CPU = Debug|Any CPU
		Release|Any CPU = Release|Any CPU
	EndGlobalSection
	GlobalSection(ProjectConfigurationPlatforms) = postSolution
		{46A9C14C-65A8-477F-96D1-22F9F17DC392}.Debug|Any CPU.ActiveCfg = Debug|Any CPU
		{46A9C14C-65A8-477F-96D1-22F9F17DC392}.Debug|Any CPU.Build.0 = Debug|Any CPU
		{46A9C14C-65A8-477F-96D1-22F9F17DC392}.Release|Any CPU.ActiveCfg = Release|Any CPU
		{46A9C14C-65A8-477F-96D1-22F9F17DC392}.Release|Any CPU.Build.0 = Release|Any CPU
	EndGlobalSection
	GlobalSection(SolutionProperties) = preSolution
		HideSolutionNode = FALSE
	EndGlobalSection
	GlobalSection(ExtensibilityGlobals) = postSolution
		SolutionGuid = {C96D0E41-FC36-4F8E-A0ED-3E62D11074D5}
	EndGlobalSection
EndGlobal
