
Microsoft Visual Studio Solution File, Format Version 12.00
# Visual Studio 15
VisualStudioVersion = 15.0.27130.2027
MinimumVisualStudioVersion = 10.0.40219.1
Project("{F184B08F-C81C-45F6-A57F-5ABD9991F28F}") = "MainMenu", "MainMenu\MainMenu.vbproj", "{805106EA-CED4-4415-8CCE-7B1FC93AC297}"
EndProject
Global
	GlobalSection(SolutionConfigurationPlatforms) = preSolution
		Debug|Any CPU = Debug|Any CPU
		Release|Any CPU = Release|Any CPU
	EndGlobalSection
	GlobalSection(ProjectConfigurationPlatforms) = postSolution
		{805106EA-CED4-4415-8CCE-7B1FC93AC297}.Debug|Any CPU.ActiveCfg = Debug|Any CPU
		{805106EA-CED4-4415-8CCE-7B1FC93AC297}.Debug|Any CPU.Build.0 = Debug|Any CPU
		{805106EA-CED4-4415-8CCE-7B1FC93AC297}.Release|Any CPU.ActiveCfg = Release|Any CPU
		{805106EA-CED4-4415-8CCE-7B1FC93AC297}.Release|Any CPU.Build.0 = Release|Any CPU
	EndGlobalSection
	GlobalSection(SolutionProperties) = preSolution
		HideSolutionNode = FALSE
	EndGlobalSection
	GlobalSection(ExtensibilityGlobals) = postSolution
		SolutionGuid = {2B259DC5-E4AA-45C6-8EB0-84A60F814F44}
	EndGlobalSection
EndGlobal
