
Microsoft Visual Studio Solution File, Format Version 12.00
# Visual Studio 15
VisualStudioVersion = 15.0.27130.2027
MinimumVisualStudioVersion = 10.0.40219.1
Project("{F184B08F-C81C-45F6-A57F-5ABD9991F28F}") = "VB2015Lesson5", "VB2015Lesson5\VB2015Lesson5.vbproj", "{DBE836FE-0F47-4750-A532-5E570252183F}"
EndProject
Global
	GlobalSection(SolutionConfigurationPlatforms) = preSolution
		Debug|Any CPU = Debug|Any CPU
		Release|Any CPU = Release|Any CPU
	EndGlobalSection
	GlobalSection(ProjectConfigurationPlatforms) = postSolution
		{DBE836FE-0F47-4750-A532-5E570252183F}.Debug|Any CPU.ActiveCfg = Debug|Any CPU
		{DBE836FE-0F47-4750-A532-5E570252183F}.Debug|Any CPU.Build.0 = Debug|Any CPU
		{DBE836FE-0F47-4750-A532-5E570252183F}.Release|Any CPU.ActiveCfg = Release|Any CPU
		{DBE836FE-0F47-4750-A532-5E570252183F}.Release|Any CPU.Build.0 = Release|Any CPU
	EndGlobalSection
	GlobalSection(SolutionProperties) = preSolution
		HideSolutionNode = FALSE
	EndGlobalSection
	GlobalSection(ExtensibilityGlobals) = postSolution
		SolutionGuid = {18A27A4B-BDFC-4103-99D1-F9E157498EFF}
	EndGlobalSection
EndGlobal
